
Microsoft Visual Studio Solution File, Format Version 12.00
# Visual Studio Version 17
VisualStudioVersion = 17.8.34408.163
MinimumVisualStudioVersion = 10.0.40219.1
Project("{FAE04EC0-301F-11D3-BF4B-00C04F79EFBC}") = "ConstraintGeneric", "ConstraintGeneric\ConstraintGeneric.csproj", "{2ABA75E6-7CEF-4F0E-A2D2-7B1361C95A6F}"
EndProject
Global
	GlobalSection(SolutionConfigurationPlatforms) = preSolution
		Debug|Any CPU = Debug|Any CPU
		Release|Any CPU = Release|Any CPU
	EndGlobalSection
	GlobalSection(ProjectConfigurationPlatforms) = postSolution
		{2ABA75E6-7CEF-4F0E-A2D2-7B1361C95A6F}.Debug|Any CPU.ActiveCfg = Debug|Any CPU
		{2ABA75E6-7CEF-4F0E-A2D2-7B1361C95A6F}.Debug|Any CPU.Build.0 = Debug|Any CPU
		{2ABA75E6-7CEF-4F0E-A2D2-7B1361C95A6F}.Release|Any CPU.ActiveCfg = Release|Any CPU
		{2ABA75E6-7CEF-4F0E-A2D2-7B1361C95A6F}.Release|Any CPU.Build.0 = Release|Any CPU
	EndGlobalSection
	GlobalSection(SolutionProperties) = preSolution
		HideSolutionNode = FALSE
	EndGlobalSection
	GlobalSection(ExtensibilityGlobals) = postSolution
		SolutionGuid = {72A74C6F-2174-4B2A-A19E-1DEDEF38A10A}
	EndGlobalSection
EndGlobal
